
Microsoft Visual Studio Solution File, Format Version 12.00
# Visual Studio Version 17
VisualStudioVersion = 17.0.31903.59
MinimumVisualStudioVersion = 10.0.40219.1
Project("{FAE04EC0-301F-11D3-BF4B-00C04F79EFBC}") = "Tack4.3", "Tack4.3\Tack4.3.csproj", "{EB6D740C-6665-4448-89D0-F8E2F37A5D89}"
EndProject
Global
	GlobalSection(SolutionConfigurationPlatforms) = preSolution
		Debug|Any CPU = Debug|Any CPU
		Release|Any CPU = Release|Any CPU
	EndGlobalSection
	GlobalSection(ProjectConfigurationPlatforms) = postSolution
		{EB6D740C-6665-4448-89D0-F8E2F37A5D89}.Debug|Any CPU.ActiveCfg = Debug|Any CPU
		{EB6D740C-6665-4448-89D0-F8E2F37A5D89}.Debug|Any CPU.Build.0 = Debug|Any CPU
		{EB6D740C-6665-4448-89D0-F8E2F37A5D89}.Release|Any CPU.ActiveCfg = Release|Any CPU
		{EB6D740C-6665-4448-89D0-F8E2F37A5D89}.Release|Any CPU.Build.0 = Release|Any CPU
	EndGlobalSection
	GlobalSection(SolutionProperties) = preSolution
		HideSolutionNode = FALSE
	EndGlobalSection
	GlobalSection(ExtensibilityGlobals) = postSolution
		SolutionGuid = {6C39FC1E-A2BF-43F0-9CCE-C29EA5C8E4AE}
	EndGlobalSection
EndGlobal
